PODS:
  - AFNetworking (2.6.3):
    - AFNetworking/NSURLConnection (= 2.6.3)
    - AFNetworking/NSURLSession (= 2.6.3)
    - AFNetworking/Reachability (= 2.6.3)
    - AFNetworking/Security (= 2.6.3)
    - AFNetworking/Serialization (= 2.6.3)
    - AFNetworking/UIKit (= 2.6.3)
  - AFNetworking/NSURLConnection (2.6.3):
    - AFNetworking/Reachability
    - AFNetworking/Security
    - AFNetworking/Serialization
  - AFNetworking/NSURLSession (2.6.3):
    - AFNetworking/Reachability
    - AFNetworking/Security
    - AFNetworking/Serialization
  - AFNetworking/Reachability (2.6.3)
  - AFNetworking/Security (2.6.3)
  - AFNetworking/Serialization (2.6.3)
  - AFNetworking/UIKit (2.6.3):
    - AFNetworking/NSURLConnection
    - AFNetworking/NSURLSession
  - BaiduMapKit (3.1.0)
  - BmobSDK (1.7.2)
  - DACircularProgress (2.3.1)
  - EaseMobSDKFull (2.2.7)
  - FMDB (2.6.2):
    - FMDB/standard (= 2.6.2)
  - FMDB/standard (2.6.2)
  - Masonry (1.0.2)
  - MBProgressHUD (1.0.0)
  - MJExtension (3.0.13)
  - MJRefresh (3.1.12)
  - MWPhotoBrowser (1.2.1):
    - DACircularProgress
    - MBProgressHUD
    - PSTCollectionView (~> 1.2)
    - SDWebImage (~> 3.5)
  - Pgyer (2.8.4)
  - PgyUpdate (1.2)
  - PSTCollectionView (1.2.3)
  - SDWebImage (3.8.2):
    - SDWebImage/Core (= 3.8.2)
  - SDWebImage/Core (3.8.2)
  - SVProgressHUD (2.0.3)
  - YYKit (1.0.9):
    - YYKit/no-arc (= 1.0.9)
  - YYKit/no-arc (1.0.9)
  - ZFPlayer (2.0.0):
    - Masonry

DEPENDENCIES:
  - AFNetworking (~> 2.6.2)
  - BaiduMapKit
  - BmobSDK
  - DACircularProgress
  - EaseMobSDKFull (~> 2.2.7)
  - FMDB
  - Masonry
  - MBProgressHUD (~> 1.0.0)
  - MJExtension
  - MJRefresh
  - MWPhotoBrowser
  - Pgyer
  - PgyUpdate
  - SDWebImage (~> 3.8)
  - SVProgressHUD
  - YYKit
  - ZFPlayer

SPEC CHECKSUMS:
  AFNetworking: cb8d14a848e831097108418f5d49217339d4eb60
  BaiduMapKit: 4cfaedb118cff7e157e9771859a4bf65a261b2a1
  BmobSDK: e188cb31d6a8417ab668aee821da227d7512b865
  DACircularProgress: 4dd437c0fc3da5161cb289e07ac449493d41db71
  EaseMobSDKFull: 574e1c3fcbd541fd1419df750ee642aa6d443c6c
  FMDB: 854a0341b4726e53276f2a8996f06f1b80f9259a
  Masonry: 7c429b56da9d4ee0bbb3ed77a5ea710d6a5df39e
  MBProgressHUD: 4890f671c94e8a0f3cf959aa731e9de2f036d71a
  MJExtension: 5932755f451458eefa24239358817f8d291240c7
  MJRefresh: b96cdb21c4aa75a7b07654311ab2f315c497e806
  MWPhotoBrowser: 7087b4c828297ef34ff2b0892c8e967034a86842
  Pgyer: 26edfcc8da6da6383fabfdbccd2f77c623b9d6eb
  PgyUpdate: a42e82cec5ad4e992af390e9d494f6fc62db65e4
  PSTCollectionView: 6749df92885353521f55279a7ce2b293762e2be4
  SDWebImage: 098e97e6176540799c27e804c96653ee0833d13c
  SVProgressHUD: b0830714205bea1317ea1a2ebc71e5633af334d4
  YYKit: 7cda43304a8dc3696c449041e2cb3107b4e236e7
  ZFPlayer: eefa9b04efda89c1ac89c106575515a748f90435

PODFILE CHECKSUM: cce1bd5a77caeaacd82f6b8572b03038d47b6394

COCOAPODS: 1.0.1
